
Microsoft Visual Studio Solution File, Format Version 12.00
# Visual Studio 15
VisualStudioVersion = 15.0.28307.1231
MinimumVisualStudioVersion = 10.0.40219.1
Project("{E24C65DC-7377-472B-9ABA-BC803B73C61A}") = "AutoSparePartWholeShellManagementSystem", "AutoSparePartWholeShellManagementSystem\", "{EDBFFA50-FB81-4D11-B2BF-C62E4CD5AADC}"
	ProjectSection(WebsiteProperties) = preProject
		TargetFrameworkMoniker = ".NETFramework,Version%3Dv4.6.1"
		Debug.AspNetCompiler.VirtualPath = "/localhost_63306"
		Debug.AspNetCompiler.PhysicalPath = "AutoSparePartWholeShellManagementSystem\"
		Debug.AspNetCompiler.TargetPath = "PrecompiledWeb\localhost_63306\"
		Debug.AspNetCompiler.Updateable = "true"
		Debug.AspNetCompiler.ForceOverwrite = "true"
		Debug.AspNetCompiler.FixedNames = "false"
		Debug.AspNetCompiler.Debug = "True"
		Release.AspNetCompiler.VirtualPath = "/localhost_63306"
		Release.AspNetCompiler.PhysicalPath = "AutoSparePartWholeShellManagementSystem\"
		Release.AspNetCompiler.TargetPath = "PrecompiledWeb\localhost_63306\"
		Release.AspNetCompiler.Updateable = "true"
		Release.AspNetCompiler.ForceOverwrite = "true"
		Release.AspNetCompiler.FixedNames = "false"
		Release.AspNetCompiler.Debug = "False"
		VWDPort = "63306"
		SlnRelativePath = "AutoSparePartWholeShellManagementSystem\"
		DefaultWebSiteLanguage = "Visual C#"
	EndProjectSection
EndProject
Global
	GlobalSection(SolutionConfigurationPlatforms) = preSolution
		Debug|Any CPU = Debug|Any CPU
	EndGlobalSection
	GlobalSection(ProjectConfigurationPlatforms) = postSolution
		{EDBFFA50-FB81-4D11-B2BF-C62E4CD5AADC}.Debug|Any CPU.ActiveCfg = Debug|Any CPU
		{EDBFFA50-FB81-4D11-B2BF-C62E4CD5AADC}.Debug|Any CPU.Build.0 = Debug|Any CPU
	EndGlobalSection
	GlobalSection(SolutionProperties) = preSolution
		HideSolutionNode = FALSE
	EndGlobalSection
	GlobalSection(ExtensibilityGlobals) = postSolution
		SolutionGuid = {AEF80B1D-90AC-4055-B924-16DC9ACBCEC5}
	EndGlobalSection
EndGlobal
